
Microsoft Visual Studio Solution File, Format Version 12.00
# Visual Studio Version 17
VisualStudioVersion = 17.3.32929.385
MinimumVisualStudioVersion = 10.0.40219.1
Project("{FAE04EC0-301F-11D3-BF4B-00C04F79EFBC}") = "TalkMe.Io", "TalkMe.Io\TalkMe.Io.csproj", "{A718C298-5FD7-4A83-9A93-9EDB61233BE3}"
EndProject
Global
	GlobalSection(SolutionConfigurationPlatforms) = preSolution
		Debug|Any CPU = Debug|Any CPU
		Release|Any CPU = Release|Any CPU
	EndGlobalSection
	GlobalSection(ProjectConfigurationPlatforms) = postSolution
		{A718C298-5FD7-4A83-9A93-9EDB61233BE3}.Debug|Any CPU.ActiveCfg = Debug|Any CPU
		{A718C298-5FD7-4A83-9A93-9EDB61233BE3}.Debug|Any CPU.Build.0 = Debug|Any CPU
		{A718C298-5FD7-4A83-9A93-9EDB61233BE3}.Release|Any CPU.ActiveCfg = Release|Any CPU
		{A718C298-5FD7-4A83-9A93-9EDB61233BE3}.Release|Any CPU.Build.0 = Release|Any CPU
	EndGlobalSection
	GlobalSection(SolutionProperties) = preSolution
		HideSolutionNode = FALSE
	EndGlobalSection
	GlobalSection(ExtensibilityGlobals) = postSolution
		SolutionGuid = {DD44B547-F4F7-4C98-9026-50F493E23127}
	EndGlobalSection
EndGlobal
